
Microsoft Visual Studio Solution File, Format Version 12.00
# Visual Studio Version 17
VisualStudioVersion = 17.8.34309.116
MinimumVisualStudioVersion = 10.0.40219.1
Project("{9A19103F-16F7-4668-BE54-9A1E7A4F7556}") = "Galahad", "Galahad\Galahad.csproj", "{4CE3C763-EF12-45DB-9502-96BA20EB57FF}"
EndProject
Project("{2150E333-8FDC-42A3-9474-1A3956D46DE8}") = "Solution Items", "Solution Items", "{D2ADC712-4BBB-49B7-B452-AEB14F34A256}"
	ProjectSection(SolutionItems) = preProject
		README.md = README.md
	EndProjectSection
EndProject
Project("{FAE04EC0-301F-11D3-BF4B-00C04F79EFBC}") = "Galahad.Test", "Galahad.Test\Galahad.Test.csproj", "{FE73AAD4-7976-49B5-A381-1E000D163672}"
EndProject
Global
	GlobalSection(SolutionConfigurationPlatforms) = preSolution
		Debug|Any CPU = Debug|Any CPU
		Release|Any CPU = Release|Any CPU
	EndGlobalSection
	GlobalSection(ProjectConfigurationPlatforms) = postSolution
		{4CE3C763-EF12-45DB-9502-96BA20EB57FF}.Debug|Any CPU.ActiveCfg = Debug|Any CPU
		{4CE3C763-EF12-45DB-9502-96BA20EB57FF}.Debug|Any CPU.Build.0 = Debug|Any CPU
		{4CE3C763-EF12-45DB-9502-96BA20EB57FF}.Release|Any CPU.ActiveCfg = Release|Any CPU
		{4CE3C763-EF12-45DB-9502-96BA20EB57FF}.Release|Any CPU.Build.0 = Release|Any CPU
		{FE73AAD4-7976-49B5-A381-1E000D163672}.Debug|Any CPU.ActiveCfg = Debug|Any CPU
		{FE73AAD4-7976-49B5-A381-1E000D163672}.Debug|Any CPU.Build.0 = Debug|Any CPU
		{FE73AAD4-7976-49B5-A381-1E000D163672}.Release|Any CPU.ActiveCfg = Release|Any CPU
		{FE73AAD4-7976-49B5-A381-1E000D163672}.Release|Any CPU.Build.0 = Release|Any CPU
	EndGlobalSection
	GlobalSection(SolutionProperties) = preSolution
		HideSolutionNode = FALSE
	EndGlobalSection
	GlobalSection(ExtensibilityGlobals) = postSolution
		SolutionGuid = {55370CAF-B10A-477F-A4CA-59C0951ACBC8}
	EndGlobalSection
EndGlobal
